
Microsoft Visual Studio Solution File, Format Version 12.00
# Visual Studio Version 16
VisualStudioVersion = 16.0.30517.126
MinimumVisualStudioVersion = 10.0.40219.1
Project("{9A19103F-16F7-4668-BE54-9A1E7A4F7556}") = "UNC.Extensions", "UNC.Extensions.csproj", "{658DB179-8E97-47FD-A374-566ABBC550D7}"
EndProject
Global
	GlobalSection(SolutionConfigurationPlatforms) = preSolution
		Debug|Any CPU = Debug|Any CPU
		Release|Any CPU = Release|Any CPU
	EndGlobalSection
	GlobalSection(ProjectConfigurationPlatforms) = postSolution
		{658DB179-8E97-47FD-A374-566ABBC550D7}.Debug|Any CPU.ActiveCfg = Debug|Any CPU
		{658DB179-8E97-47FD-A374-566ABBC550D7}.Debug|Any CPU.Build.0 = Debug|Any CPU
		{658DB179-8E97-47FD-A374-566ABBC550D7}.Release|Any CPU.ActiveCfg = Release|Any CPU
		{658DB179-8E97-47FD-A374-566ABBC550D7}.Release|Any CPU.Build.0 = Release|Any CPU
	EndGlobalSection
	GlobalSection(SolutionProperties) = preSolution
		HideSolutionNode = FALSE
	EndGlobalSection
	GlobalSection(ExtensibilityGlobals) = postSolution
		SolutionGuid = {2B37D9DF-A752-4F36-949C-2F6EAED84597}
	EndGlobalSection
	GlobalSection(TeamFoundationVersionControl) = preSolution
		SccNumberOfProjects = 2
		SccEnterpriseProvider = {4CA58AB2-18FA-4F8D-95D4-32DDF27D184C}
		SccTeamFoundationServer = https://its-idm-dotnet.visualstudio.com/
		SccProjectUniqueName0 = UNC.Extensions.csproj
		SccLocalPath0 = .
		SccLocalPath1 = .
	EndGlobalSection
EndGlobal
